
Microsoft Visual Studio Solution File, Format Version 12.00
# Visual Studio 15
VisualStudioVersion = 15.0.27130.2010
MinimumVisualStudioVersion = 10.0.40219.1
Project("{FAE04EC0-301F-11D3-BF4B-00C04F79EFBC}") = "DE.WebApi", "DE.WebApi\DE.WebApi.csproj", "{DC119E1C-A5BE-4CAF-B611-14D3478352DB}"
EndProject
Global
	GlobalSection(SolutionConfigurationPlatforms) = preSolution
		Debug|Any CPU = Debug|Any CPU
		Release|Any CPU = Release|Any CPU
	EndGlobalSection
	GlobalSection(ProjectConfigurationPlatforms) = postSolution
		{DC119E1C-A5BE-4CAF-B611-14D3478352DB}.Debug|Any CPU.ActiveCfg = Debug|Any CPU
		{DC119E1C-A5BE-4CAF-B611-14D3478352DB}.Debug|Any CPU.Build.0 = Debug|Any CPU
		{DC119E1C-A5BE-4CAF-B611-14D3478352DB}.Release|Any CPU.ActiveCfg = Release|Any CPU
		{DC119E1C-A5BE-4CAF-B611-14D3478352DB}.Release|Any CPU.Build.0 = Release|Any CPU
	EndGlobalSection
	GlobalSection(SolutionProperties) = preSolution
		HideSolutionNode = FALSE
	EndGlobalSection
	GlobalSection(ExtensibilityGlobals) = postSolution
		SolutionGuid = {DC442610-EA6C-4175-B446-9E76A21326FD}
	EndGlobalSection
EndGlobal
